
Microsoft Visual Studio Solution File, Format Version 12.00
# Visual Studio Version 16
VisualStudioVersion = 16.0.28803.352
MinimumVisualStudioVersion = 10.0.40219.1
Project("{9A19103F-16F7-4668-BE54-9A1E7A4F7556}") = "GeorgeMichaelJackson", "GeorgeMichaelJackson\GeorgeMichaelJackson.csproj", "{AD2EBD72-A17F-4C4A-BFE8-63B0F6000EE3}"
EndProject
Project("{2150E333-8FDC-42A3-9474-1A3956D46DE8}") = "!Solution Items", "!Solution Items", "{2D77EF85-B9B0-4EAC-AB6C-6208BCC1D843}"
	ProjectSection(SolutionItems) = preProject
		..\.gitignore = ..\.gitignore
		..\README.md = ..\README.md
		..\results.txt = ..\results.txt
	EndProjectSection
EndProject
Global
	GlobalSection(SolutionConfigurationPlatforms) = preSolution
		Debug|Any CPU = Debug|Any CPU
		Release|Any CPU = Release|Any CPU
	EndGlobalSection
	GlobalSection(ProjectConfigurationPlatforms) = postSolution
		{AD2EBD72-A17F-4C4A-BFE8-63B0F6000EE3}.Debug|Any CPU.ActiveCfg = Debug|Any CPU
		{AD2EBD72-A17F-4C4A-BFE8-63B0F6000EE3}.Debug|Any CPU.Build.0 = Debug|Any CPU
		{AD2EBD72-A17F-4C4A-BFE8-63B0F6000EE3}.Release|Any CPU.ActiveCfg = Release|Any CPU
		{AD2EBD72-A17F-4C4A-BFE8-63B0F6000EE3}.Release|Any CPU.Build.0 = Release|Any CPU
	EndGlobalSection
	GlobalSection(SolutionProperties) = preSolution
		HideSolutionNode = FALSE
	EndGlobalSection
	GlobalSection(ExtensibilityGlobals) = postSolution
		SolutionGuid = {C0821473-B403-4349-A184-0CE7F0F3BC9D}
	EndGlobalSection
EndGlobal
